lockfileVersion: '6.0'

dependencies:
  '@tanstack/virtual-core':
    specifier: 3.0.0-beta.54
    version: 3.0.0-beta.54

packages:

  /@tanstack/virtual-core@3.0.0-beta.54:
    resolution: {integrity: sha512-jtkwqdP2rY2iCCDVAFuaNBH3fiEi29aTn2RhtIoky8DTTiCdc48plpHHreLwmv1PICJ4AJUUESaq3xa8fZH8+g==}
    dev: false
